
Microsoft Visual Studio Solution File, Format Version 12.00
# Visual Studio Version 17
VisualStudioVersion = 17.3.32825.248
MinimumVisualStudioVersion = 10.0.40219.1
Project("{9A19103F-16F7-4668-BE54-9A1E7A4F7556}") = "Grunder I OOP", "Grunder I OOP.csproj", "{310F970C-F491-44C0-A870-CC2307DEC07C}"
EndProject
Global
	GlobalSection(SolutionConfigurationPlatforms) = preSolution
		Debug|Any CPU = Debug|Any CPU
		Release|Any CPU = Release|Any CPU
	EndGlobalSection
	GlobalSection(ProjectConfigurationPlatforms) = postSolution
		{310F970C-F491-44C0-A870-CC2307DEC07C}.Debug|Any CPU.ActiveCfg = Debug|Any CPU
		{310F970C-F491-44C0-A870-CC2307DEC07C}.Debug|Any CPU.Build.0 = Debug|Any CPU
		{310F970C-F491-44C0-A870-CC2307DEC07C}.Release|Any CPU.ActiveCfg = Release|Any CPU
		{310F970C-F491-44C0-A870-CC2307DEC07C}.Release|Any CPU.Build.0 = Release|Any CPU
	EndGlobalSection
	GlobalSection(SolutionProperties) = preSolution
		HideSolutionNode = FALSE
	EndGlobalSection
	GlobalSection(ExtensibilityGlobals) = postSolution
		SolutionGuid = {3B4A3DDF-5861-46E2-8DE7-95ECD1897ADA}
	EndGlobalSection
EndGlobal
